{
  "name": "@invent/table",
  "version": "2.11.0",
  "lockfileVersion": 1,
  "requires": true,
  "dependencies": {
    "@babel/code-frame": {
      "version": "7.10.4",
      "resolved": "https://registry.npmjs.org/@babel/code-frame/-/code-frame-7.10.4.tgz",
      "integrity": "sha512-vG6SvB6oYEhvgisZNFRmRCUkLz11c7rp+tbNTynGqc6mS1d5ATd/sGyV6W0KZZnXRKMTzZDRgQT3Ou9jhpAfUg==",
      "requires": {
        "@babel/highlight": "^7.10.4"
      }
    },
    "@babel/generator": {
      "version": "7.10.4",
      "resolved": "https://registry.npmjs.org/@babel/generator/-/generator-7.10.4.tgz",
      "integrity": "sha512-toLIHUIAgcQygFZRAQcsLQV3CBuX6yOIru1kJk/qqqvcRmZrYe6WavZTSG+bB8MxhnL9YPf+pKQfuiP161q7ng==",
      "requires": {
        "@babel/types": "^7.10.4",
        "jsesc": "^2.5.1",
        "lodash": "^4.17.13",
        "source-map": "^0.5.0"
      }
    },
    "@babel/helper-annotate-as-pure": {
      "version": "7.10.4",
      "resolved": "https://registry.npmjs.org/@babel/helper-annotate-as-pure/-/helper-annotate-as-pure-7.10.4.tgz",
      "integrity": "sha512-XQlqKQP4vXFB7BN8fEEerrmYvHp3fK/rBkRFz9jaJbzK0B1DSfej9Kc7ZzE8Z/OnId1jpJdNAZ3BFQjWG68rcA==",
      "requires": {
        "@babel/types": "^7.10.4"
      }
    },
    "@babel/helper-function-name": {
      "version": "7.10.4",
      "resolved": "https://registry.npmjs.org/@babel/helper-function-name/-/helper-function-name-7.10.4.tgz",
      "integrity": "sha512-YdaSyz1n8gY44EmN7x44zBn9zQ1Ry2Y+3GTA+3vH6Mizke1Vw0aWDM66FOYEPw8//qKkmqOckrGgTYa+6sceqQ==",
      "requires": {
        "@babel/helper-get-function-arity": "^7.10.4",
        "@babel/template": "^7.10.4",
        "@babel/types": "^7.10.4"
      }
    },
    "@babel/helper-get-function-arity": {
      "version": "7.10.4",
      "resolved": "https://registry.npmjs.org/@babel/helper-get-function-arity/-/helper-get-function-arity-7.10.4.tgz",
      "integrity": "sha512-EkN3YDB+SRDgiIUnNgcmiD361ti+AVbL3f3Henf6dqqUyr5dMsorno0lJWJuLhDhkI5sYEpgj6y9kB8AOU1I2A==",
      "requires": {
        "@babel/types": "^7.10.4"
      }
    },
    "@babel/helper-module-imports": {
      "version": "7.10.4",
      "resolved": "https://registry.npmjs.org/@babel/helper-module-imports/-/helper-module-imports-7.10.4.tgz",
      "integrity": "sha512-nEQJHqYavI217oD9+s5MUBzk6x1IlvoS9WTPfgG43CbMEeStE0v+r+TucWdx8KFGowPGvyOkDT9+7DHedIDnVw==",
      "requires": {
        "@babel/types": "^7.10.4"
      }
    },
    "@babel/helper-split-export-declaration": {
      "version": "7.10.4",
      "resolved": "https://registry.npmjs.org/@babel/helper-split-export-declaration/-/helper-split-export-declaration-7.10.4.tgz",
      "integrity": "sha512-pySBTeoUff56fL5CBU2hWm9TesA4r/rOkI9DyJLvvgz09MB9YtfIYe3iBriVaYNaPe+Alua0vBIOVOLs2buWhg==",
      "requires": {
        "@babel/types": "^7.10.4"
      }
    },
    "@babel/helper-validator-identifier": {
      "version": "7.10.4",
      "resolved": "https://registry.npmjs.org/@babel/helper-validator-identifier/-/helper-validator-identifier-7.10.4.tgz",
      "integrity": "sha512-3U9y+43hz7ZM+rzG24Qe2mufW5KhvFg/NhnNph+i9mgCtdTCtMJuI1TMkrIUiK7Ix4PYlRF9I5dhqaLYA/ADXw=="
    },
    "@babel/highlight": {
      "version": "7.10.4",
      "resolved": "https://registry.npmjs.org/@babel/highlight/-/highlight-7.10.4.tgz",
      "integrity": "sha512-i6rgnR/YgPEQzZZnbTHHuZdlE8qyoBNalD6F+q4vAFlcMEcqmkoG+mPqJYJCo63qPf74+Y1UZsl3l6f7/RIkmA==",
      "requires": {
        "@babel/helper-validator-identifier": "^7.10.4",
        "chalk": "^2.0.0",
        "js-tokens": "^4.0.0"
      },
      "dependencies": {
        "ansi-styles": {
          "version": "3.2.1",
          "resolved": "https://registry.npmjs.org/ansi-styles/-/ansi-styles-3.2.1.tgz",
          "integrity": "sha512-VT0ZI6kZRdTh8YyJw3SMbYm/u+NqfsAxEpWO0Pf9sq8/e94WxxOpPKx9FR1FlyCtOVDNOQ+8ntlqFxiRc+r5qA==",
          "requires": {
            "color-convert": "^1.9.0"
          }
        },
        "chalk": {
          "version": "2.4.2",
          "resolved": "https://registry.npmjs.org/chalk/-/chalk-2.4.2.tgz",
          "integrity": "sha512-Mti+f9lpJNcwF4tWV8/OrTTtF1gZi+f8FqlyAdouralcFWFQWF2+NgCHShjkCb+IFBLq9buZwE1xckQU4peSuQ==",
          "requires": {
            "ansi-styles": "^3.2.1",
            "escape-string-regexp": "^1.0.5",
            "supports-color": "^5.3.0"
          }
        },
        "supports-color": {
          "version": "5.5.0",
          "resolved": "https://registry.npmjs.org/supports-color/-/supports-color-5.5.0.tgz",
          "integrity": "sha512-QjVjwdXIt408MIiAqCX4oUKsgU2EqAGzs2Ppkm4aQYbjm+ZEWEcW4SfFNTr4uMNZma0ey4f5lgLrkB0aX0QMow==",
          "requires": {
            "has-flag": "^3.0.0"
          }
        }
      }
    },
    "@babel/parser": {
      "version": "7.10.4",
      "resolved": "https://registry.npmjs.org/@babel/parser/-/parser-7.10.4.tgz",
      "integrity": "sha512-8jHII4hf+YVDsskTF6WuMB3X4Eh+PsUkC2ljq22so5rHvH+T8BzyL94VOdyFLNR8tBSVXOTbNHOKpR4TfRxVtA=="
    },
    "@babel/template": {
      "version": "7.10.4",
      "resolved": "https://registry.npmjs.org/@babel/template/-/template-7.10.4.tgz",
      "integrity": "sha512-ZCjD27cGJFUB6nmCB1Enki3r+L5kJveX9pq1SvAUKoICy6CZ9yD8xO086YXdYhvNjBdnekm4ZnaP5yC8Cs/1tA==",
      "requires": {
        "@babel/code-frame": "^7.10.4",
        "@babel/parser": "^7.10.4",
        "@babel/types": "^7.10.4"
      }
    },
    "@babel/traverse": {
      "version": "7.10.4",
      "resolved": "https://registry.npmjs.org/@babel/traverse/-/traverse-7.10.4.tgz",
      "integrity": "sha512-aSy7p5THgSYm4YyxNGz6jZpXf+Ok40QF3aA2LyIONkDHpAcJzDUqlCKXv6peqYUs2gmic849C/t2HKw2a2K20Q==",
      "requires": {
        "@babel/code-frame": "^7.10.4",
        "@babel/generator": "^7.10.4",
        "@babel/helper-function-name": "^7.10.4",
        "@babel/helper-split-export-declaration": "^7.10.4",
        "@babel/parser": "^7.10.4",
        "@babel/types": "^7.10.4",
        "debug": "^4.1.0",
        "globals": "^11.1.0",
        "lodash": "^4.17.13"
      }
    },
    "@babel/types": {
      "version": "7.10.4",
      "resolved": "https://registry.npmjs.org/@babel/types/-/types-7.10.4.tgz",
      "integrity": "sha512-UTCFOxC3FsFHb7lkRMVvgLzaRVamXuAs2Tz4wajva4WxtVY82eZeaUBtC2Zt95FU9TiznuC0Zk35tsim8jeVpg==",
      "requires": {
        "@babel/helper-validator-identifier": "^7.10.4",
        "lodash": "^4.17.13",
        "to-fast-properties": "^2.0.0"
      }
    },
    "@beans/button": {
      "version": "15.7.1",
      "resolved": "https://nexus.ourtesco.com/repository/online-web-group/@beans/button/-/button-15.7.1.tgz",
      "integrity": "sha512-uKkBCD9fWkQCjpfty3F9ujdwxHG9Fk0YTur0ZmFiUj5HsrKU8Qq8PJiQMPfjXz3XH41whg3fzB9Vq4EtUJTR1g==",
      "requires": {
        "@beans/foundation": "^15.0.0",
        "@beans/helpers": "^15.0.0",
        "@beans/selectors": "^15.0.0",
        "@beans/theme": "^15.0.0"
      }
    },
    "@beans/colleague-actions-menu": {
      "version": "15.7.3",
      "resolved": "https://nexus.ourtesco.com/repository/online-web-group/@beans/colleague-actions-menu/-/colleague-actions-menu-15.7.3.tgz",
      "integrity": "sha512-HnVljI6d2mdDZtAHlZI5tMNN+xu1jX2Rdu90zoF+4WTmrs09hPrv2OdX9CvcJfYxDzJwN9Oro0iqLNxRtHJDdQ==",
      "requires": {
        "@beans/button": "^15.0.0",
        "@beans/foundation": "^15.0.0",
        "@beans/helpers": "^15.0.0",
        "@beans/icon": "^15.0.0",
        "@beans/menu": "^15.0.0",
        "@beans/selectors": "^15.0.0"
      }
    },
    "@beans/constants": {
      "version": "15.7.0",
      "resolved": "https://nexus.ourtesco.com/repository/online-web-group/@beans/constants/-/constants-15.7.0.tgz",
      "integrity": "sha512-JRthOFSzpj9SCt5o04vJ/bkWc4ZQFfYmdc3zPPG8B36BS68tR8A1Sw18hAY/adVecW3QDvQ824pTxWPrKmj14A=="
    },
    "@beans/f-and-f-serif": {
      "version": "15.7.0",
      "resolved": "https://nexus.ourtesco.com/repository/online-web-group/@beans/f-and-f-serif/-/f-and-f-serif-15.7.0.tgz",
      "integrity": "sha512-b4uvOGls3NuXDX9jALCmzYBTc3BzArGPK7yvGRGSvRQ1XajXua7OAFiWJanvWOurxAkJ7CUOUwRpSDQYwHmJ1g==",
      "requires": {
        "@beans/constants": "^15.0.0",
        "@beans/helpers": "^15.0.0",
        "@beans/types": "^15.0.0"
      }
    },
    "@beans/foundation": {
      "version": "15.7.1",
      "resolved": "https://nexus.ourtesco.com/repository/online-web-group/@beans/foundation/-/foundation-15.7.1.tgz",
      "integrity": "sha512-YD4FxZde5ySKWr+36vrocVUJXU1c6p9nCxkY70XXtj2+uPxtVwogLwMHtco8koZh9sRC7Mm0/UKhPRIYZpTB2A==",
      "requires": {
        "@beans/helpers": "^15.5.2",
        "@beans/selectors": "^15.0.0",
        "@beans/types": "^15.0.0",
        "ts-toolbelt": "^3.8.3"
      }
    },
    "@beans/helpers": {
      "version": "15.7.0",
      "resolved": "https://nexus.ourtesco.com/repository/online-web-group/@beans/helpers/-/helpers-15.7.0.tgz",
      "integrity": "sha512-7IQXCZ86JbhUtfKCFiDAjjwf8hi0zKA8rCMfLIyBTGsTCEqP/0oYA5TJTKmiIf+f5GYTpmUdESMZom3Tn5nHxw==",
      "requires": {
        "@beans/constants": "^15.0.0",
        "@beans/types": "^15.0.0",
        "eventemitter3": "^4.0.0",
        "react-is": "^16.9.0"
      }
    },
    "@beans/icon": {
      "version": "15.7.1",
      "resolved": "https://nexus.ourtesco.com/repository/online-web-group/@beans/icon/-/icon-15.7.1.tgz",
      "integrity": "sha512-ugE5osAO1IoDcpGAo2cpHBlaUo0BGU/QcFgvESzMzY7cBwPQPGRtI2ZG3Q8/SkiiZe75nxtW70S4/7kYD6NpGA==",
      "requires": {
        "@beans/foundation": "^15.0.0",
        "@beans/helpers": "^15.0.0",
        "@beans/selectors": "^15.0.0",
        "@beans/theme": "^15.0.0"
      }
    },
    "@beans/link": {
      "version": "15.7.3",
      "resolved": "https://nexus.ourtesco.com/repository/online-web-group/@beans/link/-/link-15.7.3.tgz",
      "integrity": "sha512-jpXfV8pwKl/vMuJuhXR2StfFOzZ9Khugj3URAQijgCWVL2FhG/dv1dAE6o+SCoBuTIhk5+SgfG4D80me3l8jew==",
      "requires": {
        "@beans/foundation": "^15.0.0",
        "@beans/helpers": "^15.0.0",
        "@beans/icon": "^15.0.0",
        "@beans/selectors": "^15.0.0",
        "@beans/theme": "^15.0.0"
      }
    },
    "@beans/menu": {
      "version": "15.7.3",
      "resolved": "https://nexus.ourtesco.com/repository/online-web-group/@beans/menu/-/menu-15.7.3.tgz",
      "integrity": "sha512-hGm7AWjweCdIwu8rGxCRoo3bRnpl1U341QhMWUW/fC6/OgyM4CMct/5zzUTDVQg42D923WqdpNFn+K279n+7cg==",
      "requires": {
        "@beans/button": "^15.0.0",
        "@beans/foundation": "^15.0.0",
        "@beans/helpers": "^15.0.0",
        "@beans/icon": "^15.0.0",
        "@beans/link": "^15.0.0",
        "@beans/selectors": "^15.0.0"
      }
    },
    "@beans/selectors": {
      "version": "15.7.1",
      "resolved": "https://nexus.ourtesco.com/repository/online-web-group/@beans/selectors/-/selectors-15.7.1.tgz",
      "integrity": "sha512-F1LctKsc3uOCjc6bskbEplBIdRjt+0QOtzIq5nTW/wLPPbZxoNhxbztM4vzta3mdm0uzD/9WjZXGPbfE1/wATA==",
      "requires": {
        "@beans/constants": "^15.0.0",
        "@beans/types": "^15.0.0"
      }
    },
    "@beans/tesco-lotus": {
      "version": "15.7.0",
      "resolved": "https://nexus.ourtesco.com/repository/online-web-group/@beans/tesco-lotus/-/tesco-lotus-15.7.0.tgz",
      "integrity": "sha512-rIT8PsEVjYcA+gVaZyIZh08gIm3ouNAy2FRMWFV/56QfGX+3qLBkKdRo43fLc0lJimPuLHL2FA3Tp54BObAxzg==",
      "requires": {
        "@beans/constants": "^15.0.0",
        "@beans/helpers": "^15.0.0",
        "@beans/types": "^15.0.0"
      }
    },
    "@beans/tesco-modern": {
      "version": "15.7.0",
      "resolved": "https://nexus.ourtesco.com/repository/online-web-group/@beans/tesco-modern/-/tesco-modern-15.7.0.tgz",
      "integrity": "sha512-YnJWq2SyR7EE81ADlxlPXLCeUHBMaFLozCV9CrsZfrmOsWWYYHKcmnWirFmb/pYQe54JsPk8zCX8ckbOa09mlA==",
      "requires": {
        "@beans/constants": "^15.0.0",
        "@beans/helpers": "^15.0.0",
        "@beans/types": "^15.0.0"
      }
    },
    "@beans/theme": {
      "version": "15.7.0",
      "resolved": "https://nexus.ourtesco.com/repository/online-web-group/@beans/theme/-/theme-15.7.0.tgz",
      "integrity": "sha512-xJ+GQ6tESyQr/1kv9G+vz3QPQFxEQbVjpskFXIvhrU6O6rGCWFdknGT5TqcWvn9PubLGh0w7P2uFVHLncktHAQ==",
      "requires": {
        "@beans/constants": "^15.0.0",
        "@beans/f-and-f-serif": "^15.0.0",
        "@beans/tesco-lotus": "^15.0.0",
        "@beans/tesco-modern": "^15.0.0",
        "@beans/types": "^15.0.0",
        "styled-normalize": "^8.0.6",
        "styled-reset": "^3.0.2"
      }
    },
    "@beans/types": {
      "version": "15.5.3",
      "resolved": "https://nexus.ourtesco.com/repository/online-web-group/@beans/types/-/types-15.5.3.tgz",
      "integrity": "sha512-Z3bwUoCg+PFdtTWdG4F4XKkd/EgWrX791J7qoc8hVw+JwcoMXwR7c/9L2/jvvub9HrHjm18IxXpYZT/QFiO32A==",
      "requires": {
        "ts-toolbelt": "^3.8.3",
        "utility-types": "^3.7.0"
      }
    },
    "@emotion/is-prop-valid": {
      "version": "0.8.8",
      "resolved": "https://registry.npmjs.org/@emotion/is-prop-valid/-/is-prop-valid-0.8.8.tgz",
      "integrity": "sha512-u5WtneEAr5IDG2Wv65yhunPSMLIpuKsbuOktRojfrEiEvRyC85LgPMZI63cr7NUqT8ZIGdSVg8ZKGxIug4lXcA==",
      "requires": {
        "@emotion/memoize": "0.7.4"
      }
    },
    "@emotion/memoize": {
      "version": "0.7.4",
      "resolved": "https://registry.npmjs.org/@emotion/memoize/-/memoize-0.7.4.tgz",
      "integrity": "sha512-Ja/Vfqe3HpuzRsG1oBtWTHk2PGZ7GR+2Vz5iYGelAw8dx32K0y7PjVuxK6z1nMpZOqAFsRUPCkK1YjJ56qJlgw=="
    },
    "@emotion/stylis": {
      "version": "0.8.5",
      "resolved": "https://registry.npmjs.org/@emotion/stylis/-/stylis-0.8.5.tgz",
      "integrity": "sha512-h6KtPihKFn3T9fuIrwvXXUOwlx3rfUvfZIcP5a6rh8Y7zjE3O06hT5Ss4S/YI1AYhuZ1kjaE/5EaOOI2NqSylQ=="
    },
    "@emotion/unitless": {
      "version": "0.7.5",
      "resolved": "https://registry.npmjs.org/@emotion/unitless/-/unitless-0.7.5.tgz",
      "integrity": "sha512-OWORNpfjMsSSUBVrRBVGECkhWcULOAJz9ZW8uK9qgxD+87M7jHRcvh/A96XXNhXTLmKcoYSQtBEX7lHMO7YRwg=="
    },
    "ansi-escapes": {
      "version": "1.4.0",
      "resolved": "https://registry.npmjs.org/ansi-escapes/-/ansi-escapes-1.4.0.tgz",
      "integrity": "sha1-06ioOzGapneTZisT52HHkRQiMG4="
    },
    "ansi-regex": {
      "version": "2.1.1",
      "resolved": "https://registry.npmjs.org/ansi-regex/-/ansi-regex-2.1.1.tgz",
      "integrity": "sha1-w7M6te42DYbg5ijwRorn7yfWVN8="
    },
    "ansi-styles": {
      "version": "2.2.1",
      "resolved": "https://registry.npmjs.org/ansi-styles/-/ansi-styles-2.2.1.tgz",
      "integrity": "sha1-tDLdM1i2NM914eRmQ2gkBTPB3b4="
    },
    "babel-plugin-styled-components": {
      "version": "1.10.7",
      "resolved": "https://registry.npmjs.org/babel-plugin-styled-components/-/babel-plugin-styled-components-1.10.7.tgz",
      "integrity": "sha512-MBMHGcIA22996n9hZRf/UJLVVgkEOITuR2SvjHLb5dSTUyR4ZRGn+ngITapes36FI3WLxZHfRhkA1ffHxihOrg==",
      "requires": {
        "@babel/helper-annotate-as-pure": "^7.0.0",
        "@babel/helper-module-imports": "^7.0.0",
        "babel-plugin-syntax-jsx": "^6.18.0",
        "lodash": "^4.17.11"
      }
    },
    "babel-plugin-syntax-jsx": {
      "version": "6.18.0",
      "resolved": "https://registry.npmjs.org/babel-plugin-syntax-jsx/-/babel-plugin-syntax-jsx-6.18.0.tgz",
      "integrity": "sha1-CvMqmm4Tyno/1QaeYtew9Y0NiUY="
    },
    "babel-polyfill": {
      "version": "6.23.0",
      "resolved": "https://registry.npmjs.org/babel-polyfill/-/babel-polyfill-6.23.0.tgz",
      "integrity": "sha1-g2TKYt+Or7gwSZ9pkXdGbDsDSZ0=",
      "requires": {
        "babel-runtime": "^6.22.0",
        "core-js": "^2.4.0",
        "regenerator-runtime": "^0.10.0"
      }
    },
    "babel-runtime": {
      "version": "6.26.0",
      "resolved": "https://registry.npmjs.org/babel-runtime/-/babel-runtime-6.26.0.tgz",
      "integrity": "sha1-llxwWGaOgrVde/4E/yM3vItWR/4=",
      "requires": {
        "core-js": "^2.4.0",
        "regenerator-runtime": "^0.11.0"
      },
      "dependencies": {
        "regenerator-runtime": {
          "version": "0.11.1",
          "resolved": "https://registry.npmjs.org/regenerator-runtime/-/regenerator-runtime-0.11.1.tgz",
          "integrity": "sha512-MguG95oij0fC3QV3URf4V2SDYGJhJnJGqvIIgdECeODCT98wSWDAJ94SSuVpYQUoTcGUIL6L4yNB7j1DFFHSBg=="
        }
      }
    },
    "camelize": {
      "version": "1.0.0",
      "resolved": "https://registry.npmjs.org/camelize/-/camelize-1.0.0.tgz",
      "integrity": "sha1-FkpUg+Yw+kMh5a8HAg5TGDGyYJs="
    },
    "chalk": {
      "version": "1.1.3",
      "resolved": "https://registry.npmjs.org/chalk/-/chalk-1.1.3.tgz",
      "integrity": "sha1-qBFcVeSnAv5NFQq9OHKCKn4J/Jg=",
      "requires": {
        "ansi-styles": "^2.2.1",
        "escape-string-regexp": "^1.0.2",
        "has-ansi": "^2.0.0",
        "strip-ansi": "^3.0.0",
        "supports-color": "^2.0.0"
      }
    },
    "chardet": {
      "version": "0.4.2",
      "resolved": "https://registry.npmjs.org/chardet/-/chardet-0.4.2.tgz",
      "integrity": "sha1-tUc7M9yXxCTl2Y3IfVXU2KKci/I="
    },
    "cli-cursor": {
      "version": "2.1.0",
      "resolved": "https://registry.npmjs.org/cli-cursor/-/cli-cursor-2.1.0.tgz",
      "integrity": "sha1-s12sN2R5+sw+lHR9QdDQ9SOP/LU=",
      "requires": {
        "restore-cursor": "^2.0.0"
      }
    },
    "cli-width": {
      "version": "2.2.1",
      "resolved": "https://registry.npmjs.org/cli-width/-/cli-width-2.2.1.tgz",
      "integrity": "sha512-GRMWDxpOB6Dgk2E5Uo+3eEBvtOOlimMmpbFiKuLFnQzYDavtLFY3K5ona41jgN/WdRZtG7utuVSVTL4HbZHGkw=="
    },
    "color-convert": {
      "version": "1.9.3",
      "resolved": "https://registry.npmjs.org/color-convert/-/color-convert-1.9.3.tgz",
      "integrity": "sha512-QfAUtd+vFdAtFQcC8CCyYt1fYWxSqAiK2cSD6zDB8N3cpsEBAvRxp9zOGg6G/SHHJYAT88/az/IuDGALsNVbGg==",
      "requires": {
        "color-name": "1.1.3"
      }
    },
    "color-name": {
      "version": "1.1.3",
      "resolved": "https://registry.npmjs.org/color-name/-/color-name-1.1.3.tgz",
      "integrity": "sha1-p9BVi9icQveV3UIyj3QIMcpTvCU="
    },
    "core-js": {
      "version": "2.6.11",
      "resolved": "https://registry.npmjs.org/core-js/-/core-js-2.6.11.tgz",
      "integrity": "sha512-5wjnpaT/3dV+XB4borEsnAYQchn00XSgTAWKDkEqv+K8KevjbzmofK6hfJ9TZIlpj2N0xQpazy7PiRQiWHqzWg=="
    },
    "css-color-keywords": {
      "version": "1.0.0",
      "resolved": "https://registry.npmjs.org/css-color-keywords/-/css-color-keywords-1.0.0.tgz",
      "integrity": "sha1-/qJhbcZ2spYmhrOvjb2+GAskTgU="
    },
    "css-to-react-native": {
      "version": "3.0.0",
      "resolved": "https://registry.npmjs.org/css-to-react-native/-/css-to-react-native-3.0.0.tgz",
      "integrity": "sha512-Ro1yETZA813eoyUp2GDBhG2j+YggidUmzO1/v9eYBKR2EHVEniE2MI/NqpTQ954BMpTPZFsGNPm46qFB9dpaPQ==",
      "requires": {
        "camelize": "^1.0.0",
        "css-color-keywords": "^1.0.0",
        "postcss-value-parser": "^4.0.2"
      }
    },
    "debug": {
      "version": "4.1.1",
      "resolved": "https://registry.npmjs.org/debug/-/debug-4.1.1.tgz",
      "integrity": "sha512-pYAIzeRo8J6KPEaJ0VWOh5Pzkbw/RetuzehGM7QRRX5he4fPHx2rdKMB256ehJCkX+XRQm16eZLqLNS8RSZXZw==",
      "requires": {
        "ms": "^2.1.1"
      }
    },
    "encoding": {
      "version": "0.1.13",
      "resolved": "https://registry.npmjs.org/encoding/-/encoding-0.1.13.tgz",
      "integrity": "sha512-ETBauow1T35Y/WZMkio9jiM0Z5xjHHmJ4XmjZOq1l/dXz3lr2sRn87nJy20RupqSh1F2m3HHPSp8ShIPQJrJ3A==",
      "requires": {
        "iconv-lite": "^0.6.2"
      },
      "dependencies": {
        "iconv-lite": {
          "version": "0.6.2",
          "resolved": "https://registry.npmjs.org/iconv-lite/-/iconv-lite-0.6.2.tgz",
          "integrity": "sha512-2y91h5OpQlolefMPmUlivelittSWy0rP+oYVpn6A7GwVHNE8AWzoYOBNmlwks3LobaJxgHCYZAnyNo2GgpNRNQ==",
          "requires": {
            "safer-buffer": ">= 2.1.2 < 3.0.0"
          }
        }
      }
    },
    "escape-string-regexp": {
      "version": "1.0.5",
      "resolved": "https://registry.npmjs.org/escape-string-regexp/-/escape-string-regexp-1.0.5.tgz",
      "integrity": "sha1-G2HAViGQqN/2rjuyzwIAyhMLhtQ="
    },
    "eventemitter3": {
      "version": "4.0.4",
      "resolved": "https://registry.npmjs.org/eventemitter3/-/eventemitter3-4.0.4.tgz",
      "integrity": "sha512-rlaVLnVxtxvoyLsQQFBx53YmXHDxRIzzTLbdfxqi4yocpSjAxXwkU0cScM5JgSKMqEhrZpnvQ2D9gjylR0AimQ=="
    },
    "external-editor": {
      "version": "2.2.0",
      "resolved": "https://registry.npmjs.org/external-editor/-/external-editor-2.2.0.tgz",
      "integrity": "sha512-bSn6gvGxKt+b7+6TKEv1ZycHleA7aHhRHyAqJyp5pbUFuYYNIzpZnQDk7AsYckyWdEnTeAnay0aCy2aV6iTk9A==",
      "requires": {
        "chardet": "^0.4.0",
        "iconv-lite": "^0.4.17",
        "tmp": "^0.0.33"
      }
    },
    "figures": {
      "version": "2.0.0",
      "resolved": "https://registry.npmjs.org/figures/-/figures-2.0.0.tgz",
      "integrity": "sha1-OrGi0qYsi/tDGgyUy3l6L84nyWI=",
      "requires": {
        "escape-string-regexp": "^1.0.5"
      }
    },
    "globals": {
      "version": "11.12.0",
      "resolved": "https://registry.npmjs.org/globals/-/globals-11.12.0.tgz",
      "integrity": "sha512-WOBp/EEGUiIsJSp7wcv/y6MO+lV9UoncWqxuFfm8eBwzWNgyfBd6Gz+IeKQ9jCmyhoH99g15M3T+QaVHFjizVA=="
    },
    "has-ansi": {
      "version": "2.0.0",
      "resolved": "https://registry.npmjs.org/has-ansi/-/has-ansi-2.0.0.tgz",
      "integrity": "sha1-NPUEnOHs3ysGSa8+8k5F7TVBbZE=",
      "requires": {
        "ansi-regex": "^2.0.0"
      }
    },
    "has-flag": {
      "version": "3.0.0",
      "resolved": "https://registry.npmjs.org/has-flag/-/has-flag-3.0.0.tgz",
      "integrity": "sha1-tdRU3CGZriJWmfNGfloH87lVuv0="
    },
    "hoist-non-react-statics": {
      "version": "3.3.2",
      "resolved": "https://registry.npmjs.org/hoist-non-react-statics/-/hoist-non-react-statics-3.3.2.tgz",
      "integrity": "sha512-/gGivxi8JPKWNm/W0jSmzcMPpfpPLc3dY/6GxhX2hQ9iGj3aDfklV4ET7NjKpSinLpJ5vafa9iiGIEZg10SfBw==",
      "requires": {
        "react-is": "^16.7.0"
      }
    },
    "iconv-lite": {
      "version": "0.4.24",
      "resolved": "https://registry.npmjs.org/iconv-lite/-/iconv-lite-0.4.24.tgz",
      "integrity": "sha512-v3MXnZAcvnywkTUEZomIActle7RXXeedOR31wwl7VlyoXO4Qi9arvSenNQWne1TcRwhCL1HwLI21bEqdpj8/rA==",
      "requires": {
        "safer-buffer": ">= 2.1.2 < 3"
      }
    },
    "inquirer": {
      "version": "3.0.6",
      "resolved": "https://registry.npmjs.org/inquirer/-/inquirer-3.0.6.tgz",
      "integrity": "sha1-4EqqnQW3o8ubD0B9BDdfBEcZA0c=",
      "requires": {
        "ansi-escapes": "^1.1.0",
        "chalk": "^1.0.0",
        "cli-cursor": "^2.1.0",
        "cli-width": "^2.0.0",
        "external-editor": "^2.0.1",
        "figures": "^2.0.0",
        "lodash": "^4.3.0",
        "mute-stream": "0.0.7",
        "run-async": "^2.2.0",
        "rx": "^4.1.0",
        "string-width": "^2.0.0",
        "strip-ansi": "^3.0.0",
        "through": "^2.3.6"
      }
    },
    "is-fullwidth-code-point": {
      "version": "2.0.0",
      "resolved": "https://registry.npmjs.org/is-fullwidth-code-point/-/is-fullwidth-code-point-2.0.0.tgz",
      "integrity": "sha1-o7MKXE8ZkYMWeqq5O+764937ZU8="
    },
    "is-stream": {
      "version": "1.1.0",
      "resolved": "https://registry.npmjs.org/is-stream/-/is-stream-1.1.0.tgz",
      "integrity": "sha1-EtSj3U5o4Lec6428hBc66A2RykQ="
    },
    "js-tokens": {
      "version": "4.0.0",
      "resolved": "https://registry.npmjs.org/js-tokens/-/js-tokens-4.0.0.tgz",
      "integrity": "sha512-RdJUflcE3cUzKiMqQgsCu06FPu9UdIJO0beYbPhHN4k6apgJtifcoCtT9bcxOpYBtpD2kCM6Sbzg4CausW/PKQ=="
    },
    "jsesc": {
      "version": "2.5.2",
      "resolved": "https://registry.npmjs.org/jsesc/-/jsesc-2.5.2.tgz",
      "integrity": "sha512-OYu7XEzjkCQ3C5Ps3QIZsQfNpqoJyZZA99wd9aWd05NCtC5pWOkShK2mkL6HXQR6/Cy2lbNdPlZBpuQHXE63gA=="
    },
    "lodash": {
      "version": "4.17.19",
      "resolved": "https://registry.npmjs.org/lodash/-/lodash-4.17.19.tgz",
      "integrity": "sha512-JNvd8XER9GQX0v2qJgsaN/mzFCNA5BRe/j8JN9d+tWyGLSodKQHKFicdwNYzWwI3wjRnaKPsGj1XkBjx/F96DQ=="
    },
    "mimic-fn": {
      "version": "1.2.0",
      "resolved": "https://registry.npmjs.org/mimic-fn/-/mimic-fn-1.2.0.tgz",
      "integrity": "sha512-jf84uxzwiuiIVKiOLpfYk7N46TSy8ubTonmneY9vrpHNAnp0QBt2BxWV9dO3/j+BoVAb+a5G6YDPW3M5HOdMWQ=="
    },
    "minimist": {
      "version": "1.2.0",
      "resolved": "https://registry.npmjs.org/minimist/-/minimist-1.2.0.tgz",
      "integrity": "sha1-o1AIsg9BOD7sH7kU9M1d95omQoQ="
    },
    "ms": {
      "version": "2.1.2",
      "resolved": "https://registry.npmjs.org/ms/-/ms-2.1.2.tgz",
      "integrity": "sha512-sGkPx+VjMtmA6MX27oA4FBFELFCZZ4S4XqeGOXCv68tT+jb3vk/RyaKWP0PTKyWtmLSM0b+adUTEvbs1PEaH2w=="
    },
    "mute-stream": {
      "version": "0.0.7",
      "resolved": "https://registry.npmjs.org/mute-stream/-/mute-stream-0.0.7.tgz",
      "integrity": "sha1-MHXOk7whuPq0PhvE2n6BFe0ee6s="
    },
    "node-fetch": {
      "version": "1.6.3",
      "resolved": "https://registry.npmjs.org/node-fetch/-/node-fetch-1.6.3.tgz",
      "integrity": "sha1-3CNO3WSJmC1Y6PDbT2lQKavNjAQ=",
      "requires": {
        "encoding": "^0.1.11",
        "is-stream": "^1.0.1"
      }
    },
    "object-assign": {
      "version": "4.1.1",
      "resolved": "https://registry.npmjs.org/object-assign/-/object-assign-4.1.1.tgz",
      "integrity": "sha1-IQmtx5ZYh8/AXLvUQsrIv7s2CGM="
    },
    "onetime": {
      "version": "2.0.1",
      "resolved": "https://registry.npmjs.org/onetime/-/onetime-2.0.1.tgz",
      "integrity": "sha1-BnQoIw/WdEOyeUsiu6UotoZ5YtQ=",
      "requires": {
        "mimic-fn": "^1.0.0"
      }
    },
    "opencollective": {
      "version": "1.0.3",
      "resolved": "https://registry.npmjs.org/opencollective/-/opencollective-1.0.3.tgz",
      "integrity": "sha1-ruY3K8KBRFg2kMPKja7PwSDdDvE=",
      "requires": {
        "babel-polyfill": "6.23.0",
        "chalk": "1.1.3",
        "inquirer": "3.0.6",
        "minimist": "1.2.0",
        "node-fetch": "1.6.3",
        "opn": "4.0.2"
      }
    },
    "opencollective-postinstall": {
      "version": "2.0.2",
      "resolved": "https://registry.npmjs.org/opencollective-postinstall/-/opencollective-postinstall-2.0.2.tgz",
      "integrity": "sha512-pVOEP16TrAO2/fjej1IdOyupJY8KDUM1CvsaScRbw6oddvpQoOfGk4ywha0HKKVAD6RkW4x6Q+tNBwhf3Bgpuw=="
    },
    "opn": {
      "version": "4.0.2",
      "resolved": "https://registry.npmjs.org/opn/-/opn-4.0.2.tgz",
      "integrity": "sha1-erwi5kTf9jsKltWrfyeQwPAavJU=",
      "requires": {
        "object-assign": "^4.0.1",
        "pinkie-promise": "^2.0.0"
      }
    },
    "os-tmpdir": {
      "version": "1.0.2",
      "resolved": "https://registry.npmjs.org/os-tmpdir/-/os-tmpdir-1.0.2.tgz",
      "integrity": "sha1-u+Z0BseaqFxc/sdm/lc0VV36EnQ="
    },
    "pinkie": {
      "version": "2.0.4",
      "resolved": "https://registry.npmjs.org/pinkie/-/pinkie-2.0.4.tgz",
      "integrity": "sha1-clVrgM+g1IqXToDnckjoDtT3+HA="
    },
    "pinkie-promise": {
      "version": "2.0.1",
      "resolved": "https://registry.npmjs.org/pinkie-promise/-/pinkie-promise-2.0.1.tgz",
      "integrity": "sha1-ITXW36ejWMBprJsXh3YogihFD/o=",
      "requires": {
        "pinkie": "^2.0.0"
      }
    },
    "postcss-value-parser": {
      "version": "4.1.0",
      "resolved": "https://registry.npmjs.org/postcss-value-parser/-/postcss-value-parser-4.1.0.tgz",
      "integrity": "sha512-97DXOFbQJhk71ne5/Mt6cOu6yxsSfM0QGQyl0L25Gca4yGWEGJaig7l7gbCX623VqTBNGLRLaVUCnNkcedlRSQ=="
    },
    "react-is": {
      "version": "16.13.1",
      "resolved": "https://registry.npmjs.org/react-is/-/react-is-16.13.1.tgz",
      "integrity": "sha512-24e6ynE2H+OKt4kqsOvNd8kBpV65zoxbA4BVsEOB3ARVWQki/DHzaUoC5KuON/BiccDaCCTZBuOcfZs70kR8bQ=="
    },
    "regenerator-runtime": {
      "version": "0.10.5",
      "resolved": "https://registry.npmjs.org/regenerator-runtime/-/regenerator-runtime-0.10.5.tgz",
      "integrity": "sha1-M2w+/BIgrc7dosn6tntaeVWjNlg="
    },
    "restore-cursor": {
      "version": "2.0.0",
      "resolved": "https://registry.npmjs.org/restore-cursor/-/restore-cursor-2.0.0.tgz",
      "integrity": "sha1-n37ih/gv0ybU/RYpI9YhKe7g368=",
      "requires": {
        "onetime": "^2.0.0",
        "signal-exit": "^3.0.2"
      }
    },
    "run-async": {
      "version": "2.4.1",
      "resolved": "https://registry.npmjs.org/run-async/-/run-async-2.4.1.tgz",
      "integrity": "sha512-tvVnVv01b8c1RrA6Ep7JkStj85Guv/YrMcwqYQnwjsAS2cTmmPGBBjAjpCW7RrSodNSoE2/qg9O4bceNvUuDgQ=="
    },
    "rx": {
      "version": "4.1.0",
      "resolved": "https://registry.npmjs.org/rx/-/rx-4.1.0.tgz",
      "integrity": "sha1-pfE/957zt0D+MKqAP7CfmIBdR4I="
    },
    "safer-buffer": {
      "version": "2.1.2",
      "resolved": "https://registry.npmjs.org/safer-buffer/-/safer-buffer-2.1.2.tgz",
      "integrity": "sha512-YZo3K82SD7Riyi0E1EQPojLz7kpepnSQI9IyPbHHg1XXXevb5dJI7tpyN2ADxGcQbHG7vcyRHk0cbwqcQriUtg=="
    },
    "shallowequal": {
      "version": "1.1.0",
      "resolved": "https://registry.npmjs.org/shallowequal/-/shallowequal-1.1.0.tgz",
      "integrity": "sha512-y0m1JoUZSlPAjXVtPPW70aZWfIL/dSP7AFkRnniLCrK/8MDKog3TySTBmckD+RObVxH0v4Tox67+F14PdED2oQ=="
    },
    "signal-exit": {
      "version": "3.0.3",
      "resolved": "https://registry.npmjs.org/signal-exit/-/signal-exit-3.0.3.tgz",
      "integrity": "sha512-VUJ49FC8U1OxwZLxIbTTrDvLnf/6TDgxZcK8wxR8zs13xpx7xbG60ndBlhNrFi2EMuFRoeDoJO7wthSLq42EjA=="
    },
    "source-map": {
      "version": "0.5.7",
      "resolved": "https://registry.npmjs.org/source-map/-/source-map-0.5.7.tgz",
      "integrity": "sha1-igOdLRAh0i0eoUyA2OpGi6LvP8w="
    },
    "string-width": {
      "version": "2.1.1",
      "resolved": "https://registry.npmjs.org/string-width/-/string-width-2.1.1.tgz",
      "integrity": "sha512-nOqH59deCq9SRHlxq1Aw85Jnt4w6KvLKqWVik6oA9ZklXLNIOlqg4F2yrT1MVaTjAqvVwdfeZ7w7aCvJD7ugkw==",
      "requires": {
        "is-fullwidth-code-point": "^2.0.0",
        "strip-ansi": "^4.0.0"
      },
      "dependencies": {
        "ansi-regex": {
          "version": "3.0.0",
          "resolved": "https://registry.npmjs.org/ansi-regex/-/ansi-regex-3.0.0.tgz",
          "integrity": "sha1-7QMXwyIGT3lGbAKWa922Bas32Zg="
        },
        "strip-ansi": {
          "version": "4.0.0",
          "resolved": "https://registry.npmjs.org/strip-ansi/-/strip-ansi-4.0.0.tgz",
          "integrity": "sha1-qEeQIusaw2iocTibY1JixQXuNo8=",
          "requires": {
            "ansi-regex": "^3.0.0"
          }
        }
      }
    },
    "strip-ansi": {
      "version": "3.0.1",
      "resolved": "https://registry.npmjs.org/strip-ansi/-/strip-ansi-3.0.1.tgz",
      "integrity": "sha1-ajhfuIU9lS1f8F0Oiq+UJ43GPc8=",
      "requires": {
        "ansi-regex": "^2.0.0"
      }
    },
    "styled-components": {
      "version": "5.1.1",
      "resolved": "https://registry.npmjs.org/styled-components/-/styled-components-5.1.1.tgz",
      "integrity": "sha512-1ps8ZAYu2Husx+Vz8D+MvXwEwvMwFv+hqqUwhNlDN5ybg6A+3xyW1ECrAgywhvXapNfXiz79jJyU0x22z0FFTg==",
      "requires": {
        "@babel/helper-module-imports": "^7.0.0",
        "@babel/traverse": "^7.4.5",
        "@emotion/is-prop-valid": "^0.8.8",
        "@emotion/stylis": "^0.8.4",
        "@emotion/unitless": "^0.7.4",
        "babel-plugin-styled-components": ">= 1",
        "css-to-react-native": "^3.0.0",
        "hoist-non-react-statics": "^3.0.0",
        "shallowequal": "^1.1.0",
        "supports-color": "^5.5.0"
      },
      "dependencies": {
        "supports-color": {
          "version": "5.5.0",
          "resolved": "https://registry.npmjs.org/supports-color/-/supports-color-5.5.0.tgz",
          "integrity": "sha512-QjVjwdXIt408MIiAqCX4oUKsgU2EqAGzs2Ppkm4aQYbjm+ZEWEcW4SfFNTr4uMNZma0ey4f5lgLrkB0aX0QMow==",
          "requires": {
            "has-flag": "^3.0.0"
          }
        }
      }
    },
    "styled-normalize": {
      "version": "8.0.7",
      "resolved": "https://registry.npmjs.org/styled-normalize/-/styled-normalize-8.0.7.tgz",
      "integrity": "sha512-qQV4O7B9g7ZUnStCwGde7Dc/mcFF/pz0Ha/LL7+j/r6uopf6kJCmmR7jCPQMCBrDkYiQ4xvw1hUoceVJkdaMuQ=="
    },
    "styled-reset": {
      "version": "3.0.3",
      "resolved": "https://registry.npmjs.org/styled-reset/-/styled-reset-3.0.3.tgz",
      "integrity": "sha512-GagtIARuaePKunGjBwy0/ycTtst5HX8s4derNCxmAnyhSEL0/iO7caZwZcZi5/REDt4lNyChTCHnnXzH8Ay6MA==",
      "requires": {
        "opencollective": "^1.0.3",
        "opencollective-postinstall": "2.0.2"
      }
    },
    "supports-color": {
      "version": "2.0.0",
      "resolved": "https://registry.npmjs.org/supports-color/-/supports-color-2.0.0.tgz",
      "integrity": "sha1-U10EXOa2Nj+kARcIRimZXp3zJMc="
    },
    "through": {
      "version": "2.3.8",
      "resolved": "https://registry.npmjs.org/through/-/through-2.3.8.tgz",
      "integrity": "sha1-DdTJ/6q8NXlgsbckEV1+Doai4fU="
    },
    "tmp": {
      "version": "0.0.33",
      "resolved": "https://registry.npmjs.org/tmp/-/tmp-0.0.33.tgz",
      "integrity": "sha512-jRCJlojKnZ3addtTOjdIqoRuPEKBvNXcGYqzO6zWZX8KfKEpnGY5jfggJQ3EjKuu8D4bJRr0y+cYJFmYbImXGw==",
      "requires": {
        "os-tmpdir": "~1.0.2"
      }
    },
    "to-fast-properties": {
      "version": "2.0.0",
      "resolved": "https://registry.npmjs.org/to-fast-properties/-/to-fast-properties-2.0.0.tgz",
      "integrity": "sha1-3F5pjL0HkmW8c+A3doGk5Og/YW4="
    },
    "ts-toolbelt": {
      "version": "3.14.0",
      "resolved": "https://registry.npmjs.org/ts-toolbelt/-/ts-toolbelt-3.14.0.tgz",
      "integrity": "sha512-DYjD8tL7M1kBogRd9UKg3bUP5yh69WWcMSaA3By8ATiJU9fgYudSYIe8tWD5cpPkrGCdGGnKXQHG+5IrjJ5uhQ=="
    },
    "utility-types": {
      "version": "3.10.0",
      "resolved": "https://registry.npmjs.org/utility-types/-/utility-types-3.10.0.tgz",
      "integrity": "sha512-O11mqxmi7wMKCo6HKFt5AhO4BwY3VV68YU07tgxfz8zJTIxr4BpsezN49Ffwy9j3ZpwwJp4fkRwjRzq3uWE6Rg=="
    }
  }
}
