{
  "name": "@invent/resizable-wrapper",
  "version": "2.11.0",
  "lockfileVersion": 1,
  "requires": true,
  "dependencies": {
    "@beans/constants": {
      "version": "15.7.0",
      "resolved": "https://nexus.ourtesco.com/repository/online-web-group/@beans/constants/-/constants-15.7.0.tgz",
      "integrity": "sha512-JRthOFSzpj9SCt5o04vJ/bkWc4ZQFfYmdc3zPPG8B36BS68tR8A1Sw18hAY/adVecW3QDvQ824pTxWPrKmj14A=="
    },
    "@beans/foundation": {
      "version": "15.7.1",
      "resolved": "https://nexus.ourtesco.com/repository/online-web-group/@beans/foundation/-/foundation-15.7.1.tgz",
      "integrity": "sha512-YD4FxZde5ySKWr+36vrocVUJXU1c6p9nCxkY70XXtj2+uPxtVwogLwMHtco8koZh9sRC7Mm0/UKhPRIYZpTB2A==",
      "requires": {
        "@beans/helpers": "^15.5.2",
        "@beans/selectors": "^15.0.0",
        "@beans/types": "^15.0.0",
        "ts-toolbelt": "^3.8.3"
      }
    },
    "@beans/helpers": {
      "version": "15.7.0",
      "resolved": "https://nexus.ourtesco.com/repository/online-web-group/@beans/helpers/-/helpers-15.7.0.tgz",
      "integrity": "sha512-7IQXCZ86JbhUtfKCFiDAjjwf8hi0zKA8rCMfLIyBTGsTCEqP/0oYA5TJTKmiIf+f5GYTpmUdESMZom3Tn5nHxw==",
      "requires": {
        "@beans/constants": "^15.0.0",
        "@beans/types": "^15.0.0",
        "eventemitter3": "^4.0.0",
        "react-is": "^16.9.0"
      }
    },
    "@beans/selectors": {
      "version": "15.7.1",
      "resolved": "https://nexus.ourtesco.com/repository/online-web-group/@beans/selectors/-/selectors-15.7.1.tgz",
      "integrity": "sha512-F1LctKsc3uOCjc6bskbEplBIdRjt+0QOtzIq5nTW/wLPPbZxoNhxbztM4vzta3mdm0uzD/9WjZXGPbfE1/wATA==",
      "requires": {
        "@beans/constants": "^15.0.0",
        "@beans/types": "^15.0.0"
      }
    },
    "@beans/types": {
      "version": "15.5.3",
      "resolved": "https://nexus.ourtesco.com/repository/online-web-group/@beans/types/-/types-15.5.3.tgz",
      "integrity": "sha512-Z3bwUoCg+PFdtTWdG4F4XKkd/EgWrX791J7qoc8hVw+JwcoMXwR7c/9L2/jvvub9HrHjm18IxXpYZT/QFiO32A==",
      "requires": {
        "ts-toolbelt": "^3.8.3",
        "utility-types": "^3.7.0"
      }
    },
    "@beans/typography": {
      "version": "15.7.1",
      "resolved": "https://nexus.ourtesco.com/repository/online-web-group/@beans/typography/-/typography-15.7.1.tgz",
      "integrity": "sha512-nQrpJp4/9UyV+myscW6ucWgzR9iwhIDqIAh8vCKNtQpJgOrZcoF/JHKfCtUmv1ddglFJ/kauTu3v5Jl+d6X52Q==",
      "requires": {
        "@beans/foundation": "^15.0.0",
        "@beans/selectors": "^15.0.0"
      }
    },
    "@invent/icons": {
      "version": "2.11.0",
      "resolved": "https://nexus.ourtesco.com/repository/online-web-group/@invent/icons/-/icons-2.11.0.tgz",
      "integrity": "sha512-o/sqYFhixknlnuy1xkcl0Vcr/ujuSUHs9qzFflCLBnJ+RsHsW8F1klQP4mAf26QulT7TkZ3JhtPeUMMGIiSakw==",
      "requires": {
        "@beans/foundation": "^15.6.0",
        "prop-types": "^15.7.2"
      }
    },
    "@invent/panel-header": {
      "version": "2.11.0",
      "resolved": "https://nexus.ourtesco.com/repository/online-web-group/@invent/panel-header/-/panel-header-2.11.0.tgz",
      "integrity": "sha512-ZYDmKXxNLmud3AzShegALNura19yxMos69yZIczuycJX9EU2N0/II9r0Ye9+T4PexWnvjRgnmzN8JqnJep1wKg==",
      "requires": {
        "@beans/foundation": "^15.6.0",
        "@beans/typography": "^15.6.0",
        "@invent/icons": "^2.11.0"
      }
    },
    "eventemitter3": {
      "version": "4.0.4",
      "resolved": "https://registry.npmjs.org/eventemitter3/-/eventemitter3-4.0.4.tgz",
      "integrity": "sha512-rlaVLnVxtxvoyLsQQFBx53YmXHDxRIzzTLbdfxqi4yocpSjAxXwkU0cScM5JgSKMqEhrZpnvQ2D9gjylR0AimQ=="
    },
    "js-tokens": {
      "version": "4.0.0",
      "resolved": "https://registry.npmjs.org/js-tokens/-/js-tokens-4.0.0.tgz",
      "integrity": "sha512-RdJUflcE3cUzKiMqQgsCu06FPu9UdIJO0beYbPhHN4k6apgJtifcoCtT9bcxOpYBtpD2kCM6Sbzg4CausW/PKQ=="
    },
    "loose-envify": {
      "version": "1.4.0",
      "resolved": "https://registry.npmjs.org/loose-envify/-/loose-envify-1.4.0.tgz",
      "integrity": "sha512-lyuxPGr/Wfhrlem2CL/UcnUc1zcqKAImBDzukY7Y5F/yQiNdko6+fRLevlw1HgMySw7f611UIY408EtxRSoK3Q==",
      "requires": {
        "js-tokens": "^3.0.0 || ^4.0.0"
      }
    },
    "object-assign": {
      "version": "4.1.1",
      "resolved": "https://registry.npmjs.org/object-assign/-/object-assign-4.1.1.tgz",
      "integrity": "sha1-IQmtx5ZYh8/AXLvUQsrIv7s2CGM="
    },
    "prop-types": {
      "version": "15.7.2",
      "resolved": "https://registry.npmjs.org/prop-types/-/prop-types-15.7.2.tgz",
      "integrity": "sha512-8QQikdH7//R2vurIJSutZ1smHYTcLpRWEOlHnzcWHmBYrOGUysKwSsrC89BCiFj3CbrfJ/nXFdJepOVrY1GCHQ==",
      "requires": {
        "loose-envify": "^1.4.0",
        "object-assign": "^4.1.1",
        "react-is": "^16.8.1"
      }
    },
    "react-is": {
      "version": "16.13.1",
      "resolved": "https://registry.npmjs.org/react-is/-/react-is-16.13.1.tgz",
      "integrity": "sha512-24e6ynE2H+OKt4kqsOvNd8kBpV65zoxbA4BVsEOB3ARVWQki/DHzaUoC5KuON/BiccDaCCTZBuOcfZs70kR8bQ=="
    },
    "ts-toolbelt": {
      "version": "3.14.0",
      "resolved": "https://registry.npmjs.org/ts-toolbelt/-/ts-toolbelt-3.14.0.tgz",
      "integrity": "sha512-DYjD8tL7M1kBogRd9UKg3bUP5yh69WWcMSaA3By8ATiJU9fgYudSYIe8tWD5cpPkrGCdGGnKXQHG+5IrjJ5uhQ=="
    },
    "utility-types": {
      "version": "3.10.0",
      "resolved": "https://registry.npmjs.org/utility-types/-/utility-types-3.10.0.tgz",
      "integrity": "sha512-O11mqxmi7wMKCo6HKFt5AhO4BwY3VV68YU07tgxfz8zJTIxr4BpsezN49Ffwy9j3ZpwwJp4fkRwjRzq3uWE6Rg=="
    }
  }
}
